<Solution>
  <Project Path="D:/All Desktop Documents/AC21 DIT (AP) TAFE/1. C#2 TM/Assessment 2/DroneServiceApplication/DroneService/DroneServiceApplication.csproj" />
  <Project Path="D:/All Desktop Documents/AC21 DIT (AP) TAFE/1. C#2 TM/Assessment 2/DroneServiceApplication/DroneServiceLib/DroneServiceLib.csproj" />
</Solution>
